
Microsoft Visual Studio Solution File, Format Version 12.00
# Visual Studio Version 17
VisualStudioVersion = 17.3.32929.385
MinimumVisualStudioVersion = 10.0.40219.1
Project("{FAE04EC0-301F-11D3-BF4B-00C04F79EFBC}") = "MeowSanctuary", "MeowSanctuary\MeowSanctuary.csproj", "{31DBE4F6-9B88-4505-8DB9-0E1EFC1CAF93}"
EndProject
Global
	GlobalSection(SolutionConfigurationPlatforms) = preSolution
		Debug|Any CPU = Debug|Any CPU
		Release|Any CPU = Release|Any CPU
	EndGlobalSection
	GlobalSection(ProjectConfigurationPlatforms) = postSolution
		{31DBE4F6-9B88-4505-8DB9-0E1EFC1CAF93}.Debug|Any CPU.ActiveCfg = Debug|Any CPU
		{31DBE4F6-9B88-4505-8DB9-0E1EFC1CAF93}.Debug|Any CPU.Build.0 = Debug|Any CPU
		{31DBE4F6-9B88-4505-8DB9-0E1EFC1CAF93}.Release|Any CPU.ActiveCfg = Release|Any CPU
		{31DBE4F6-9B88-4505-8DB9-0E1EFC1CAF93}.Release|Any CPU.Build.0 = Release|Any CPU
	EndGlobalSection
	GlobalSection(SolutionProperties) = preSolution
		HideSolutionNode = FALSE
	EndGlobalSection
	GlobalSection(ExtensibilityGlobals) = postSolution
		SolutionGuid = {1AC26E81-823B-43FB-8568-E701979F6605}
	EndGlobalSection
EndGlobal
